
Microsoft Visual Studio Solution File, Format Version 12.00
# Visual Studio Version 16
VisualStudioVersion = 16.0.29728.190
MinimumVisualStudioVersion = 10.0.40219.1
Project("{FAE04EC0-301F-11D3-BF4B-00C04F79EFBC}") = "HouseBuilderOOProject", "HouseBuilderOOProject\HouseBuilderOOProject.csproj", "{D0ADA0FA-14C2-47B7-A4EA-C38DBCCB5718}"
EndProject
Global
	GlobalSection(SolutionConfigurationPlatforms) = preSolution
		Debug|Any CPU = Debug|Any CPU
		Release|Any CPU = Release|Any CPU
	EndGlobalSection
	GlobalSection(ProjectConfigurationPlatforms) = postSolution
		{D0ADA0FA-14C2-47B7-A4EA-C38DBCCB5718}.Debug|Any CPU.ActiveCfg = Debug|Any CPU
		{D0ADA0FA-14C2-47B7-A4EA-C38DBCCB5718}.Debug|Any CPU.Build.0 = Debug|Any CPU
		{D0ADA0FA-14C2-47B7-A4EA-C38DBCCB5718}.Release|Any CPU.ActiveCfg = Release|Any CPU
		{D0ADA0FA-14C2-47B7-A4EA-C38DBCCB5718}.Release|Any CPU.Build.0 = Release|Any CPU
	EndGlobalSection
	GlobalSection(SolutionProperties) = preSolution
		HideSolutionNode = FALSE
	EndGlobalSection
	GlobalSection(ExtensibilityGlobals) = postSolution
		SolutionGuid = {B42AC1AA-5BD2-4836-A088-35C40C80B8B7}
	EndGlobalSection
EndGlobal
